
Microsoft Visual Studio Solution File, Format Version 12.00
Project("{FAE04EC0-301F-11D3-BF4B-00C04F79EFBC}") = "GameKeyStore", "GameKeyStore.csproj", "{024E623E-9998-4CDB-8106-2F5924B8630B}"
EndProject
Global
	GlobalSection(SolutionConfigurationPlatforms) = preSolution
		Debug|Any CPU = Debug|Any CPU
		Release|Any CPU = Release|Any CPU
	EndGlobalSection
	GlobalSection(ProjectConfigurationPlatforms) = postSolution
		{024E623E-9998-4CDB-8106-2F5924B8630B}.Debug|Any CPU.ActiveCfg = Debug|Any CPU
		{024E623E-9998-4CDB-8106-2F5924B8630B}.Debug|Any CPU.Build.0 = Debug|Any CPU
		{024E623E-9998-4CDB-8106-2F5924B8630B}.Release|Any CPU.ActiveCfg = Release|Any CPU
		{024E623E-9998-4CDB-8106-2F5924B8630B}.Release|Any CPU.Build.0 = Release|Any CPU
	EndGlobalSection
EndGlobal
